// !$*UTF8*$!
{
	archiveVersion = 1;
	classes = {
	};
	objectVersion = 56;
	objects = {

/* Begin PBXBuildFile section */
		9345E1592A01E93500C62B9C /* ChampionDetailView.swift in Sources */ = {isa = PBXBuildFile; fileRef = 9345E1582A01E93500C62B9C /* ChampionDetailView.swift */; };
		93BCA1E52A011C4C0088F3E3 /* ChampionLoreApp.swift in Sources */ = {isa = PBXBuildFile; fileRef = 93BCA1E42A011C4C0088F3E3 /* ChampionLoreApp.swift */; };
		93BCA1E72A011C4C0088F3E3 /* ChampionsView.swift in Sources */ = {isa = PBXBuildFile; fileRef = 93BCA1E62A011C4C0088F3E3 /* ChampionsView.swift */; };
		93BCA1E92A011C4E0088F3E3 /* Assets.xcassets in Resources */ = {isa = PBXBuildFile; fileRef = 93BCA1E82A011C4E0088F3E3 /* Assets.xcassets */; };
		93BCA1EC2A011C4E0088F3E3 /* Preview Assets.xcassets in Resources */ = {isa = PBXBuildFile; fileRef = 93BCA1EB2A011C4E0088F3E3 /* Preview Assets.xcassets */; };
		93BCA1F32A011EDE0088F3E3 /* data.json in Resources */ = {isa = PBXBuildFile; fileRef = 93BCA1F22A011EDE0088F3E3 /* data.json */; };
		93BCA1F72A0122590088F3E3 /* Champion.swift in Sources */ = {isa = PBXBuildFile; fileRef = 93BCA1F62A0122590088F3E3 /* Champion.swift */; };
		93BCA1FB2A01232F0088F3E3 /* ChampionsModel.swift in Sources */ = {isa = PBXBuildFile; fileRef = 93BCA1FA2A01232F0088F3E3 /* ChampionsModel.swift */; };
/* End PBXBuildFile section */

/* Begin PBXFileReference section */
		9345E1582A01E93500C62B9C /* ChampionDetailView.swift */ = {isa = PBXFileReference; lastKnownFileType = sourcecode.swift; path = ChampionDetailView.swift; sourceTree = "<group>"; };
		93BCA1E12A011C4C0088F3E3 /* ChampionLore.app */ = {isa = PBXFileReference; explicitFileType = wrapper.application; includeInIndex = 0; path = ChampionLore.app; sourceTree = BUILT_PRODUCTS_DIR; };
		93BCA1E42A011C4C0088F3E3 /* ChampionLoreApp.swift */ = {isa = PBXFileReference; lastKnownFileType = sourcecode.swift; path = ChampionLoreApp.swift; sourceTree = "<group>"; };
		93BCA1E62A011C4C0088F3E3 /* ChampionsView.swift */ = {isa = PBXFileReference; lastKnownFileType = sourcecode.swift; path = ChampionsView.swift; sourceTree = "<group>"; };
		93BCA1E82A011C4E0088F3E3 /* Assets.xcassets */ = {isa = PBXFileReference; lastKnownFileType = folder.assetcatalog; path = Assets.xcassets; sourceTree = "<group>"; };
		93BCA1EB2A011C4E0088F3E3 /* Preview Assets.xcassets */ = {isa = PBXFileReference; lastKnownFileType = folder.assetcatalog; path = "Preview Assets.xcassets"; sourceTree = "<group>"; };
		93BCA1F22A011EDE0088F3E3 /* data.json */ = {isa = PBXFileReference; lastKnownFileType = text.json; path = data.json; sourceTree = "<group>"; };
		93BCA1F62A0122590088F3E3 /* Champion.swift */ = {isa = PBXFileReference; lastKnownFileType = sourcecode.swift; path = Champion.swift; sourceTree = "<group>"; };
		93BCA1FA2A01232F0088F3E3 /* ChampionsModel.swift */ = {isa = PBXFileReference; lastKnownFileType = sourcecode.swift; path = ChampionsModel.swift; sourceTree = "<group>"; };
		93E1C8862A0334370092FCAA /* Info.plist */ = {isa = PBXFileReference; lastKnownFileType = text.plist; path = Info.plist; sourceTree = "<group>"; };
		93E1C88D2A0334A50092FCAA /* Champion_LoreApp.swift */ = {isa = PBXFileReference; lastKnownFileType = sourcecode.swift; path = Champion_LoreApp.swift; sourceTree = "<group>"; };
		93E1C88F2A0334A50092FCAA /* ContentView.swift */ = {isa = PBXFileReference; lastKnownFileType = sourcecode.swift; path = ContentView.swift; sourceTree = "<group>"; };
		93E1C8912A0334A60092FCAA /* Assets.xcassets */ = {isa = PBXFileReference; lastKnownFileType = folder.assetcatalog; path = Assets.xcassets; sourceTree = "<group>"; };
		93E1C8942A0334A60092FCAA /* Preview Assets.xcassets */ = {isa = PBXFileReference; lastKnownFileType = folder.assetcatalog; path = "Preview Assets.xcassets"; sourceTree = "<group>"; };
/* End PBXFileReference section */

/* Begin PBXFrameworksBuildPhase section */
		93BCA1DE2A011C4C0088F3E3 /* Frameworks */ = {
			isa = PBXFrameworksBuildPhase;
			buildActionMask = 2147483647;
			files = (
			);
			runOnlyForDeploymentPostprocessing = 0;
		};
/* End PBXFrameworksBuildPhase section */

/* Begin PBXGroup section */
		93BCA1D82A011C4C0088F3E3 = {
			isa = PBXGroup;
			children = (
				93BCA1E32A011C4C0088F3E3 /* ChampionLore */,
				93E1C88C2A0334A50092FCAA /* Champion Lore */,
				93BCA1E22A011C4C0088F3E3 /* Products */,
			);
			sourceTree = "<group>";
		};
		93BCA1E22A011C4C0088F3E3 /* Products */ = {
			isa = PBXGroup;
			children = (
				93BCA1E12A011C4C0088F3E3 /* ChampionLore.app */,
			);
			name = Products;
			sourceTree = "<group>";
		};
		93BCA1E32A011C4C0088F3E3 /* ChampionLore */ = {
			isa = PBXGroup;
			children = (
				93E1C8862A0334370092FCAA /* Info.plist */,
				93BCA1E42A011C4C0088F3E3 /* ChampionLoreApp.swift */,
				93BCA1F52A01223D0088F3E3 /* Models */,
				93BCA1F92A01230F0088F3E3 /* ViewModels */,
				93BCA1FC2A0125180088F3E3 /* Views */,
				93BCA1F42A01221D0088F3E3 /* Data */,
				93BCA1E82A011C4E0088F3E3 /* Assets.xcassets */,
				93BCA1EA2A011C4E0088F3E3 /* Preview Content */,
			);
			path = ChampionLore;
			sourceTree = "<group>";
		};
		93BCA1EA2A011C4E0088F3E3 /* Preview Content */ = {
			isa = PBXGroup;
			children = (
				93BCA1EB2A011C4E0088F3E3 /* Preview Assets.xcassets */,
			);
			path = "Preview Content";
			sourceTree = "<group>";
		};
		93BCA1F42A01221D0088F3E3 /* Data */ = {
			isa = PBXGroup;
			children = (
				93BCA1F22A011EDE0088F3E3 /* data.json */,
			);
			path = Data;
			sourceTree = "<group>";
		};
		93BCA1F52A01223D0088F3E3 /* Models */ = {
			isa = PBXGroup;
			children = (
				93BCA1F62A0122590088F3E3 /* Champion.swift */,
			);
			path = Models;
			sourceTree = "<group>";
		};
		93BCA1F92A01230F0088F3E3 /* ViewModels */ = {
			isa = PBXGroup;
			children = (
				93BCA1FA2A01232F0088F3E3 /* ChampionsModel.swift */,
			);
			path = ViewModels;
			sourceTree = "<group>";
		};
		93BCA1FC2A0125180088F3E3 /* Views */ = {
			isa = PBXGroup;
			children = (
				93BCA1E62A011C4C0088F3E3 /* ChampionsView.swift */,
				9345E1582A01E93500C62B9C /* ChampionDetailView.swift */,
			);
			path = Views;
			sourceTree = "<group>";
		};
		93E1C88C2A0334A50092FCAA /* Champion Lore */ = {
			isa = PBXGroup;
			children = (
				93E1C88D2A0334A50092FCAA /* Champion_LoreApp.swift */,
				93E1C88F2A0334A50092FCAA /* ContentView.swift */,
				93E1C8912A0334A60092FCAA /* Assets.xcassets */,
				93E1C8932A0334A60092FCAA /* Preview Content */,
			);
			path = "Champion Lore";
			sourceTree = "<group>";
		};
		93E1C8932A0334A60092FCAA /* Preview Content */ = {
			isa = PBXGroup;
			children = (
				93E1C8942A0334A60092FCAA /* Preview Assets.xcassets */,
			);
			path = "Preview Content";
			sourceTree = "<group>";
		};
/* End PBXGroup section */

/* Begin PBXNativeTarget section */
		93BCA1E02A011C4C0088F3E3 /* ChampionLore */ = {
			isa = PBXNativeTarget;
			buildConfigurationList = 93BCA1EF2A011C4E0088F3E3 /* Build configuration list for PBXNativeTarget "ChampionLore" */;
			buildPhases = (
				93BCA1DD2A011C4C0088F3E3 /* Sources */,
				93BCA1DE2A011C4C0088F3E3 /* Frameworks */,
				93BCA1DF2A011C4C0088F3E3 /* Resources */,
			);
			buildRules = (
			);
			dependencies = (
			);
			name = ChampionLore;
			productName = ChampionLore;
			productReference = 93BCA1E12A011C4C0088F3E3 /* ChampionLore.app */;
			productType = "com.apple.product-type.application";
		};
/* End PBXNativeTarget section */

/* Begin PBXProject section */
		93BCA1D92A011C4C0088F3E3 /* Project object */ = {
			isa = PBXProject;
			attributes = {
				BuildIndependentTargetsInParallel = 1;
				LastSwiftUpdateCheck = 1430;
				LastUpgradeCheck = 1430;
				TargetAttributes = {
					93BCA1E02A011C4C0088F3E3 = {
						CreatedOnToolsVersion = 14.3;
					};
				};
			};
			buildConfigurationList = 93BCA1DC2A011C4C0088F3E3 /* Build configuration list for PBXProject "ChampionLore" */;
			compatibilityVersion = "Xcode 14.0";
			developmentRegion = en;
			hasScannedForEncodings = 0;
			knownRegions = (
				en,
				Base,
			);
			mainGroup = 93BCA1D82A011C4C0088F3E3;
			productRefGroup = 93BCA1E22A011C4C0088F3E3 /* Products */;
			projectDirPath = "";
			projectRoot = "";
			targets = (
				93BCA1E02A011C4C0088F3E3 /* ChampionLore */,
			);
		};
/* End PBXProject section */

/* Begin PBXResourcesBuildPhase section */
		93BCA1DF2A011C4C0088F3E3 /* Resources */ = {
			isa = PBXResourcesBuildPhase;
			buildActionMask = 2147483647;
			files = (
				93BCA1EC2A011C4E0088F3E3 /* Preview Assets.xcassets in Resources */,
				93BCA1F32A011EDE0088F3E3 /* data.json in Resources */,
				93BCA1E92A011C4E0088F3E3 /* Assets.xcassets in Resources */,
			);
			runOnlyForDeploymentPostprocessing = 0;
		};
/* End PBXResourcesBuildPhase section */

/* Begin PBXSourcesBuildPhase section */
		93BCA1DD2A011C4C0088F3E3 /* Sources */ = {
			isa = PBXSourcesBuildPhase;
			buildActionMask = 2147483647;
			files = (
				93BCA1E72A011C4C0088F3E3 /* ChampionsView.swift in Sources */,
				93BCA1E52A011C4C0088F3E3 /* ChampionLoreApp.swift in Sources */,
				9345E1592A01E93500C62B9C /* ChampionDetailView.swift in Sources */,
				93BCA1FB2A01232F0088F3E3 /* ChampionsModel.swift in Sources */,
				93BCA1F72A0122590088F3E3 /* Champion.swift in Sources */,
			);
			runOnlyForDeploymentPostprocessing = 0;
		};
/* End PBXSourcesBuildPhase section */

/* Begin XCBuildConfiguration section */
		93BCA1ED2A011C4E0088F3E3 /* Debug */ = {
			isa = XCBuildConfiguration;
			buildSettings = {
				ALWAYS_SEARCH_USER_PATHS = NO;
				CLANG_ANALYZER_NONNULL = YES;
				CLANG_ANALYZER_NUMBER_OBJECT_CONVERSION = YES_AGGRESSIVE;
				CLANG_CXX_LANGUAGE_STANDARD = "gnu++20";
				CLANG_ENABLE_MODULES = YES;
				CLANG_ENABLE_OBJC_ARC = YES;
				CLANG_ENABLE_OBJC_WEAK = YES;
				CLANG_WARN_BLOCK_CAPTURE_AUTORELEASING = YES;
				CLANG_WARN_BOOL_CONVERSION = YES;
				CLANG_WARN_COMMA = YES;
				CLANG_WARN_CONSTANT_CONVERSION = YES;
				CLANG_WARN_DEPRECATED_OBJC_IMPLEMENTATIONS = YES;
				CLANG_WARN_DIRECT_OBJC_ISA_USAGE = YES_ERROR;
				CLANG_WARN_DOCUMENTATION_COMMENTS = YES;
				CLANG_WARN_EMPTY_BODY = YES;
				CLANG_WARN_ENUM_CONVERSION = YES;
				CLANG_WARN_INFINITE_RECURSION = YES;
				CLANG_WARN_INT_CONVERSION = YES;
				CLANG_WARN_NON_LITERAL_NULL_CONVERSION = YES;
				CLANG_WARN_OBJC_IMPLICIT_RETAIN_SELF = YES;
				CLANG_WARN_OBJC_LITERAL_CONVERSION = YES;
				CLANG_WARN_OBJC_ROOT_CLASS = YES_ERROR;
				CLANG_WARN_QUOTED_INCLUDE_IN_FRAMEWORK_HEADER = YES;
				CLANG_WARN_RANGE_LOOP_ANALYSIS = YES;
				CLANG_WARN_STRICT_PROTOTYPES = YES;
				CLANG_WARN_SUSPICIOUS_MOVE = YES;
				CLANG_WARN_UNGUARDED_AVAILABILITY = YES_AGGRESSIVE;
				CLANG_WARN_UNREACHABLE_CODE = YES;
				CLANG_WARN__DUPLICATE_METHOD_MATCH = YES;
				COPY_PHASE_STRIP = NO;
				DEBUG_INFORMATION_FORMAT = dwarf;
				ENABLE_STRICT_OBJC_MSGSEND = YES;
				ENABLE_TESTABILITY = YES;
				GCC_C_LANGUAGE_STANDARD = gnu11;
				GCC_DYNAMIC_NO_PIC = NO;
				GCC_NO_COMMON_BLOCKS = YES;
				GCC_OPTIMIZATION_LEVEL = 0;
				GCC_PREPROCESSOR_DEFINITIONS = (
					"DEBUG=1",
					"$(inherited)",
				);
				GCC_WARN_64_TO_32_BIT_CONVERSION = YES;
				GCC_WARN_ABOUT_RETURN_TYPE = YES_ERROR;
				GCC_WARN_UNDECLARED_SELECTOR = YES;
				GCC_WARN_UNINITIALIZED_AUTOS = YES_AGGRESSIVE;
				GCC_WARN_UNUSED_FUNCTION = YES;
				GCC_WARN_UNUSED_VARIABLE = YES;
				IPHONEOS_DEPLOYMENT_TARGET = 16.4;
				MTL_ENABLE_DEBUG_INFO = INCLUDE_SOURCE;
				MTL_FAST_MATH = YES;
				ONLY_ACTIVE_ARCH = YES;
				SDKROOT = iphoneos;
				SWIFT_ACTIVE_COMPILATION_CONDITIONS = DEBUG;
				SWIFT_OPTIMIZATION_LEVEL = "-Onone";
			};
			name = Debug;
		};
		93BCA1EE2A011C4E0088F3E3 /* Release */ = {
			isa = XCBuildConfiguration;
			buildSettings = {
				ALWAYS_SEARCH_USER_PATHS = NO;
				CLANG_ANALYZER_NONNULL = YES;
				CLANG_ANALYZER_NUMBER_OBJECT_CONVERSION = YES_AGGRESSIVE;
				CLANG_CXX_LANGUAGE_STANDARD = "gnu++20";
				CLANG_ENABLE_MODULES = YES;
				CLANG_ENABLE_OBJC_ARC = YES;
				CLANG_ENABLE_OBJC_WEAK = YES;
				CLANG_WARN_BLOCK_CAPTURE_AUTORELEASING = YES;
				CLANG_WARN_BOOL_CONVERSION = YES;
				CLANG_WARN_COMMA = YES;
				CLANG_WARN_CONSTANT_CONVERSION = YES;
				CLANG_WARN_DEPRECATED_OBJC_IMPLEMENTATIONS = YES;
				CLANG_WARN_DIRECT_OBJC_ISA_USAGE = YES_ERROR;
				CLANG_WARN_DOCUMENTATION_COMMENTS = YES;
				CLANG_WARN_EMPTY_BODY = YES;
				CLANG_WARN_ENUM_CONVERSION = YES;
				CLANG_WARN_INFINITE_RECURSION = YES;
				CLANG_WARN_INT_CONVERSION = YES;
				CLANG_WARN_NON_LITERAL_NULL_CONVERSION = YES;
				CLANG_WARN_OBJC_IMPLICIT_RETAIN_SELF = YES;
				CLANG_WARN_OBJC_LITERAL_CONVERSION = YES;
				CLANG_WARN_OBJC_ROOT_CLASS = YES_ERROR;
				CLANG_WARN_QUOTED_INCLUDE_IN_FRAMEWORK_HEADER = YES;
				CLANG_WARN_RANGE_LOOP_ANALYSIS = YES;
				CLANG_WARN_STRICT_PROTOTYPES = YES;
				CLANG_WARN_SUSPICIOUS_MOVE = YES;
				CLANG_WARN_UNGUARDED_AVAILABILITY = YES_AGGRESSIVE;
				CLANG_WARN_UNREACHABLE_CODE = YES;
				CLANG_WARN__DUPLICATE_METHOD_MATCH = YES;
				COPY_PHASE_STRIP = NO;
				DEBUG_INFORMATION_FORMAT = "dwarf-with-dsym";
				ENABLE_NS_ASSERTIONS = NO;
				ENABLE_STRICT_OBJC_MSGSEND = YES;
				GCC_C_LANGUAGE_STANDARD = gnu11;
				GCC_NO_COMMON_BLOCKS = YES;
				GCC_WARN_64_TO_32_BIT_CONVERSION = YES;
				GCC_WARN_ABOUT_RETURN_TYPE = YES_ERROR;
				GCC_WARN_UNDECLARED_SELECTOR = YES;
				GCC_WARN_UNINITIALIZED_AUTOS = YES_AGGRESSIVE;
				GCC_WARN_UNUSED_FUNCTION = YES;
				GCC_WARN_UNUSED_VARIABLE = YES;
				IPHONEOS_DEPLOYMENT_TARGET = 16.4;
				MTL_ENABLE_DEBUG_INFO = NO;
				MTL_FAST_MATH = YES;
				SDKROOT = iphoneos;
				SWIFT_COMPILATION_MODE = wholemodule;
				SWIFT_OPTIMIZATION_LEVEL = "-O";
				VALIDATE_PRODUCT = YES;
			};
			name = Release;
		};
		93BCA1F02A011C4E0088F3E3 /* Debug */ = {
			isa = XCBuildConfiguration;
			buildSettings = {
				ASSETCATALOG_COMPILER_APPICON_NAME = AppIcon;
				ASSETCATALOG_COMPILER_GLOBAL_ACCENT_COLOR_NAME = AccentColor;
				ASSETCATALOG_COMPILER_INCLUDE_ALL_APPICON_ASSETS = YES;
				CODE_SIGN_STYLE = Automatic;
				CURRENT_PROJECT_VERSION = 1;
				DEVELOPMENT_ASSET_PATHS = "\"ChampionLore/Preview Content\"";
				DEVELOPMENT_TEAM = ZA8ASJR32G;
				ENABLE_PREVIEWS = YES;
				GENERATE_INFOPLIST_FILE = YES;
				INFOPLIST_FILE = ChampionLore/Info.plist;
				INFOPLIST_KEY_CFBundleDisplayName = "Champion Lore";
				INFOPLIST_KEY_LSApplicationCategoryType = "public.app-category.education";
				INFOPLIST_KEY_UIApplicationSceneManifest_Generation = YES;
				INFOPLIST_KEY_UIApplicationSupportsIndirectInputEvents = YES;
				INFOPLIST_KEY_UILaunchScreen_Generation = YES;
				INFOPLIST_KEY_UISupportedInterfaceOrientations = UIInterfaceOrientationPortrait;
				INFOPLIST_KEY_UISupportedInterfaceOrientations_iPad = "UIInterfaceOrientationLandscapeLeft UIInterfaceOrientationLandscapeRight UIInterfaceOrientationPortrait UIInterfaceOrientationPortraitUpsideDown";
				LD_RUNPATH_SEARCH_PATHS = (
					"$(inherited)",
					"@executable_path/Frameworks",
				);
				MARKETING_VERSION = 1.0;
				PRODUCT_BUNDLE_IDENTIFIER = davumclean.ChampionLore;
				PRODUCT_NAME = "$(TARGET_NAME)";
				SUPPORTED_PLATFORMS = "iphoneos iphonesimulator";
				SUPPORTS_MACCATALYST = NO;
				SUPPORTS_MAC_DESIGNED_FOR_IPHONE_IPAD = NO;
				SWIFT_EMIT_LOC_STRINGS = YES;
				SWIFT_VERSION = 5.0;
				TARGETED_DEVICE_FAMILY = 1;
			};
			name = Debug;
		};
		93BCA1F12A011C4E0088F3E3 /* Release */ = {
			isa = XCBuildConfiguration;
			buildSettings = {
				ASSETCATALOG_COMPILER_APPICON_NAME = AppIcon;
				ASSETCATALOG_COMPILER_GLOBAL_ACCENT_COLOR_NAME = AccentColor;
				ASSETCATALOG_COMPILER_INCLUDE_ALL_APPICON_ASSETS = YES;
				CODE_SIGN_STYLE = Automatic;
				CURRENT_PROJECT_VERSION = 1;
				DEVELOPMENT_ASSET_PATHS = "\"ChampionLore/Preview Content\"";
				DEVELOPMENT_TEAM = ZA8ASJR32G;
				ENABLE_PREVIEWS = YES;
				GENERATE_INFOPLIST_FILE = YES;
				INFOPLIST_FILE = ChampionLore/Info.plist;
				INFOPLIST_KEY_CFBundleDisplayName = "Champion Lore";
				INFOPLIST_KEY_LSApplicationCategoryType = "public.app-category.education";
				INFOPLIST_KEY_UIApplicationSceneManifest_Generation = YES;
				INFOPLIST_KEY_UIApplicationSupportsIndirectInputEvents = YES;
				INFOPLIST_KEY_UILaunchScreen_Generation = YES;
				INFOPLIST_KEY_UISupportedInterfaceOrientations = UIInterfaceOrientationPortrait;
				INFOPLIST_KEY_UISupportedInterfaceOrientations_iPad = "UIInterfaceOrientationLandscapeLeft UIInterfaceOrientationLandscapeRight UIInterfaceOrientationPortrait UIInterfaceOrientationPortraitUpsideDown";
				LD_RUNPATH_SEARCH_PATHS = (
					"$(inherited)",
					"@executable_path/Frameworks",
				);
				MARKETING_VERSION = 1.0;
				PRODUCT_BUNDLE_IDENTIFIER = davumclean.ChampionLore;
				PRODUCT_NAME = "$(TARGET_NAME)";
				SUPPORTED_PLATFORMS = "iphoneos iphonesimulator";
				SUPPORTS_MACCATALYST = NO;
				SUPPORTS_MAC_DESIGNED_FOR_IPHONE_IPAD = NO;
				SWIFT_EMIT_LOC_STRINGS = YES;
				SWIFT_VERSION = 5.0;
				TARGETED_DEVICE_FAMILY = 1;
			};
			name = Release;
		};
/* End XCBuildConfiguration section */

/* Begin XCConfigurationList section */
		93BCA1DC2A011C4C0088F3E3 /* Build configuration list for PBXProject "ChampionLore" */ = {
			isa = XCConfigurationList;
			buildConfigurations = (
				93BCA1ED2A011C4E0088F3E3 /* Debug */,
				93BCA1EE2A011C4E0088F3E3 /* Release */,
			);
			defaultConfigurationIsVisible = 0;
			defaultConfigurationName = Release;
		};
		93BCA1EF2A011C4E0088F3E3 /* Build configuration list for PBXNativeTarget "ChampionLore" */ = {
			isa = XCConfigurationList;
			buildConfigurations = (
				93BCA1F02A011C4E0088F3E3 /* Debug */,
				93BCA1F12A011C4E0088F3E3 /* Release */,
			);
			defaultConfigurationIsVisible = 0;
			defaultConfigurationName = Release;
		};
/* End XCConfigurationList section */
	};
	rootObject = 93BCA1D92A011C4C0088F3E3 /* Project object */;
}
